// !$*UTF8*$!
{
	archiveVersion = 1;
	classes = {
	};
	objectVersion = 46;
	objects = {

/* Begin PBXBuildFile section */
		454BD16289A8057643174D6D /* libPods-gesture.a in Frameworks */ = {isa = PBXBuildFile; fileRef = 13AADCB1CB4D13D89CF4EE17 /* libPods-gesture.a */; };
		D70869261BAD5EAC001456FA /* FBSDKCoreKit.framework in Frameworks */ = {isa = PBXBuildFile; fileRef = D70869241BAD5EAC001456FA /* FBSDKCoreKit.framework */; };
		D70869271BAD5EAC001456FA /* FBSDKLoginKit.framework in Frameworks */ = {isa = PBXBuildFile; fileRef = D70869251BAD5EAC001456FA /* FBSDKLoginKit.framework */; };
		D70869291BAD67E4001456FA /* BlePeripheralModule.swift in Sources */ = {isa = PBXBuildFile; fileRef = D70869281BAD67E4001456FA /* BlePeripheralModule.swift */; };
		D708692B1BAD855A001456FA /* GraphViewController.swift in Sources */ = {isa = PBXBuildFile; fileRef = D708692A1BAD855A001456FA /* GraphViewController.swift */; };
		D79C10001BAD266300CA3095 /* AppDelegate.swift in Sources */ = {isa = PBXBuildFile; fileRef = D79C0FFF1BAD266300CA3095 /* AppDelegate.swift */; };
		D79C10031BAD266300CA3095 /* gesture.xcdatamodeld in Sources */ = {isa = PBXBuildFile; fileRef = D79C10011BAD266300CA3095 /* gesture.xcdatamodeld */; };
		D79C10051BAD266300CA3095 /* ViewController.swift in Sources */ = {isa = PBXBuildFile; fileRef = D79C10041BAD266300CA3095 /* ViewController.swift */; };
		D79C10081BAD266300CA3095 /* Main.storyboard in Resources */ = {isa = PBXBuildFile; fileRef = D79C10061BAD266300CA3095 /* Main.storyboard */; };
		D79C100A1BAD266300CA3095 /* Images.xcassets in Resources */ = {isa = PBXBuildFile; fileRef = D79C10091BAD266300CA3095 /* Images.xcassets */; };
		D79C100D1BAD266300CA3095 /* LaunchScreen.xib in Resources */ = {isa = PBXBuildFile; fileRef = D79C100B1BAD266300CA3095 /* LaunchScreen.xib */; };
		D79C10191BAD266300CA3095 /* gestureTests.swift in Sources */ = {isa = PBXBuildFile; fileRef = D79C10181BAD266300CA3095 /* gestureTests.swift */; };
		D7F0A0FD1BAD44390031F927 /* MainViewController.swift in Sources */ = {isa = PBXBuildFile; fileRef = D7F0A0FC1BAD44390031F927 /* MainViewController.swift */; };
		D7F0A0FF1BAD45FF0031F927 /* ConnectionAPI.swift in Sources */ = {isa = PBXBuildFile; fileRef = D7F0A0FE1BAD45FF0031F927 /* ConnectionAPI.swift */; };
		D7F0A1011BAD546D0031F927 /* PebbleHelper.swift in Sources */ = {isa = PBXBuildFile; fileRef = D7F0A1001BAD546D0031F927 /* PebbleHelper.swift */; };
/* End PBXBuildFile section */

/* Begin PBXContainerItemProxy section */
		D79C10131BAD266300CA3095 /* PBXContainerItemProxy */ = {
			isa = PBXContainerItemProxy;
			containerPortal = D79C0FF21BAD266300CA3095 /* Project object */;
			proxyType = 1;
			remoteGlobalIDString = D79C0FF91BAD266300CA3095;
			remoteInfo = gesture;
		};
/* End PBXContainerItemProxy section */

/* Begin PBXFileReference section */
		13AADCB1CB4D13D89CF4EE17 /* libPods-gesture.a */ = {isa = PBXFileReference; explicitFileType = archive.ar; includeInIndex = 0; path = "libPods-gesture.a"; sourceTree = BUILT_PRODUCTS_DIR; };
		647BCD0B5FA0C980D46C139B /* Pods-gesture.release.xcconfig */ = {isa = PBXFileReference; includeInIndex = 1; lastKnownFileType = text.xcconfig; name = "Pods-gesture.release.xcconfig"; path = "Pods/Target Support Files/Pods-gesture/Pods-gesture.release.xcconfig"; sourceTree = "<group>"; };
		792DB18C7900B55343AF9886 /* Pods-gesture.debug.xcconfig */ = {isa = PBXFileReference; includeInIndex = 1; lastKnownFileType = text.xcconfig; name = "Pods-gesture.debug.xcconfig"; path = "Pods/Target Support Files/Pods-gesture/Pods-gesture.debug.xcconfig"; sourceTree = "<group>"; };
		D70869241BAD5EAC001456FA /* FBSDKCoreKit.framework */ = {isa = PBXFileReference; lastKnownFileType = wrapper.framework; path = FBSDKCoreKit.framework; sourceTree = "<group>"; };
		D70869251BAD5EAC001456FA /* FBSDKLoginKit.framework */ = {isa = PBXFileReference; lastKnownFileType = wrapper.framework; path = FBSDKLoginKit.framework; sourceTree = "<group>"; };
		D70869281BAD67E4001456FA /* BlePeripheralModule.swift */ = {isa = PBXFileReference; fileEncoding = 4; lastKnownFileType = sourcecode.swift; path = BlePeripheralModule.swift; sourceTree = "<group>"; };
		D708692A1BAD855A001456FA /* GraphViewController.swift */ = {isa = PBXFileReference; fileEncoding = 4; lastKnownFileType = sourcecode.swift; path = GraphViewController.swift; sourceTree = "<group>"; };
		D7811FEE1BAD29AE00666A6E /* Bridge-Header.h */ = {isa = PBXFileReference; lastKnownFileType = sourcecode.c.h; path = "Bridge-Header.h"; sourceTree = "<group>"; };
		D79C0FFA1BAD266300CA3095 /* gesture.app */ = {isa = PBXFileReference; explicitFileType = wrapper.application; includeInIndex = 0; path = gesture.app; sourceTree = BUILT_PRODUCTS_DIR; };
		D79C0FFE1BAD266300CA3095 /* Info.plist */ = {isa = PBXFileReference; lastKnownFileType = text.plist.xml; path = Info.plist; sourceTree = "<group>"; };
		D79C0FFF1BAD266300CA3095 /* AppDelegate.swift */ = {isa = PBXFileReference; lastKnownFileType = sourcecode.swift; path = AppDelegate.swift; sourceTree = "<group>"; };
		D79C10021BAD266300CA3095 /* gesture.xcdatamodel */ = {isa = PBXFileReference; lastKnownFileType = wrapper.xcdatamodel; path = gesture.xcdatamodel; sourceTree = "<group>"; };
		D79C10041BAD266300CA3095 /* ViewController.swift */ = {isa = PBXFileReference; lastKnownFileType = sourcecode.swift; path = ViewController.swift; sourceTree = "<group>"; };
		D79C10071BAD266300CA3095 /* Base */ = {isa = PBXFileReference; lastKnownFileType = file.storyboard; name = Base; path = Base.lproj/Main.storyboard; sourceTree = "<group>"; };
		D79C10091BAD266300CA3095 /* Images.xcassets */ = {isa = PBXFileReference; lastKnownFileType = folder.assetcatalog; path = Images.xcassets; sourceTree = "<group>"; };
		D79C100C1BAD266300CA3095 /* Base */ = {isa = PBXFileReference; lastKnownFileType = file.xib; name = Base; path = Base.lproj/LaunchScreen.xib; sourceTree = "<group>"; };
		D79C10121BAD266300CA3095 /* gestureTests.xctest */ = {isa = PBXFileReference; explicitFileType = wrapper.cfbundle; includeInIndex = 0; path = gestureTests.xctest; sourceTree = BUILT_PRODUCTS_DIR; };
		D79C10171BAD266300CA3095 /* Info.plist */ = {isa = PBXFileReference; lastKnownFileType = text.plist.xml; path = Info.plist; sourceTree = "<group>"; };
		D79C10181BAD266300CA3095 /* gestureTests.swift */ = {isa = PBXFileReference; lastKnownFileType = sourcecode.swift; path = gestureTests.swift; sourceTree = "<group>"; };
		D7F0A0FC1BAD44390031F927 /* MainViewController.swift */ = {isa = PBXFileReference; fileEncoding = 4; lastKnownFileType = sourcecode.swift; path = MainViewController.swift; sourceTree = "<group>"; };
		D7F0A0FE1BAD45FF0031F927 /* ConnectionAPI.swift */ = {isa = PBXFileReference; fileEncoding = 4; lastKnownFileType = sourcecode.swift; path = ConnectionAPI.swift; sourceTree = "<group>"; };
		D7F0A1001BAD546D0031F927 /* PebbleHelper.swift */ = {isa = PBXFileReference; fileEncoding = 4; lastKnownFileType = sourcecode.swift; path = PebbleHelper.swift; sourceTree = "<group>"; };
/* End PBXFileReference section */

/* Begin PBXFrameworksBuildPhase section */
		D79C0FF71BAD266300CA3095 /* Frameworks */ = {
			isa = PBXFrameworksBuildPhase;
			buildActionMask = 2147483647;
			files = (
				454BD16289A8057643174D6D /* libPods-gesture.a in Frameworks */,
				D70869261BAD5EAC001456FA /* FBSDKCoreKit.framework in Frameworks */,
				D70869271BAD5EAC001456FA /* FBSDKLoginKit.framework in Frameworks */,
			);
			runOnlyForDeploymentPostprocessing = 0;
		};
		D79C100F1BAD266300CA3095 /* Frameworks */ = {
			isa = PBXFrameworksBuildPhase;
			buildActionMask = 2147483647;
			files = (
			);
			runOnlyForDeploymentPostprocessing = 0;
		};
/* End PBXFrameworksBuildPhase section */

/* Begin PBXGroup section */
		083482DA165B38574F8F44F2 /* Pods */ = {
			isa = PBXGroup;
			children = (
				792DB18C7900B55343AF9886 /* Pods-gesture.debug.xcconfig */,
				647BCD0B5FA0C980D46C139B /* Pods-gesture.release.xcconfig */,
			);
			name = Pods;
			sourceTree = "<group>";
		};
		BDE3CBBBCB00C256E88CD97B /* Frameworks */ = {
			isa = PBXGroup;
			children = (
				D70869241BAD5EAC001456FA /* FBSDKCoreKit.framework */,
				D70869251BAD5EAC001456FA /* FBSDKLoginKit.framework */,
				13AADCB1CB4D13D89CF4EE17 /* libPods-gesture.a */,
			);
			name = Frameworks;
			sourceTree = "<group>";
		};
		D79C0FF11BAD266300CA3095 = {
			isa = PBXGroup;
			children = (
				D79C0FFC1BAD266300CA3095 /* gesture */,
				D79C10151BAD266300CA3095 /* gestureTests */,
				D79C0FFB1BAD266300CA3095 /* Products */,
				083482DA165B38574F8F44F2 /* Pods */,
				BDE3CBBBCB00C256E88CD97B /* Frameworks */,
			);
			sourceTree = "<group>";
		};
		D79C0FFB1BAD266300CA3095 /* Products */ = {
			isa = PBXGroup;
			children = (
				D79C0FFA1BAD266300CA3095 /* gesture.app */,
				D79C10121BAD266300CA3095 /* gestureTests.xctest */,
			);
			name = Products;
			sourceTree = "<group>";
		};
		D79C0FFC1BAD266300CA3095 /* gesture */ = {
			isa = PBXGroup;
			children = (
				D79C0FFF1BAD266300CA3095 /* AppDelegate.swift */,
				D79C10041BAD266300CA3095 /* ViewController.swift */,
				D79C10061BAD266300CA3095 /* Main.storyboard */,
				D7F0A0FC1BAD44390031F927 /* MainViewController.swift */,
				D708692A1BAD855A001456FA /* GraphViewController.swift */,
				D79C10091BAD266300CA3095 /* Images.xcassets */,
				D79C100B1BAD266300CA3095 /* LaunchScreen.xib */,
				D79C10011BAD266300CA3095 /* gesture.xcdatamodeld */,
				D79C0FFD1BAD266300CA3095 /* Supporting Files */,
				D7811FEE1BAD29AE00666A6E /* Bridge-Header.h */,
				D7F0A1001BAD546D0031F927 /* PebbleHelper.swift */,
				D7F0A0FE1BAD45FF0031F927 /* ConnectionAPI.swift */,
				D70869281BAD67E4001456FA /* BlePeripheralModule.swift */,
			);
			path = gesture;
			sourceTree = "<group>";
		};
		D79C0FFD1BAD266300CA3095 /* Supporting Files */ = {
			isa = PBXGroup;
			children = (
				D79C0FFE1BAD266300CA3095 /* Info.plist */,
			);
			name = "Supporting Files";
			sourceTree = "<group>";
		};
		D79C10151BAD266300CA3095 /* gestureTests */ = {
			isa = PBXGroup;
			children = (
				D79C10181BAD266300CA3095 /* gestureTests.swift */,
				D79C10161BAD266300CA3095 /* Supporting Files */,
			);
			path = gestureTests;
			sourceTree = "<group>";
		};
		D79C10161BAD266300CA3095 /* Supporting Files */ = {
			isa = PBXGroup;
			children = (
				D79C10171BAD266300CA3095 /* Info.plist */,
			);
			name = "Supporting Files";
			sourceTree = "<group>";
		};
/* End PBXGroup section */

/* Begin PBXNativeTarget section */
		D79C0FF91BAD266300CA3095 /* gesture */ = {
			isa = PBXNativeTarget;
			buildConfigurationList = D79C101C1BAD266300CA3095 /* Build configuration list for PBXNativeTarget "gesture" */;
			buildPhases = (
				188A299B6E2E8C2D3A1054E3 /* Check Pods Manifest.lock */,
				D79C0FF61BAD266300CA3095 /* Sources */,
				D79C0FF71BAD266300CA3095 /* Frameworks */,
				D79C0FF81BAD266300CA3095 /* Resources */,
				C5635076CA1897B114CA37F3 /* Copy Pods Resources */,
			);
			buildRules = (
			);
			dependencies = (
			);
			name = gesture;
			productName = gesture;
			productReference = D79C0FFA1BAD266300CA3095 /* gesture.app */;
			productType = "com.apple.product-type.application";
		};
		D79C10111BAD266300CA3095 /* gestureTests */ = {
			isa = PBXNativeTarget;
			buildConfigurationList = D79C101F1BAD266300CA3095 /* Build configuration list for PBXNativeTarget "gestureTests" */;
			buildPhases = (
				D79C100E1BAD266300CA3095 /* Sources */,
				D79C100F1BAD266300CA3095 /* Frameworks */,
				D79C10101BAD266300CA3095 /* Resources */,
			);
			buildRules = (
			);
			dependencies = (
				D79C10141BAD266300CA3095 /* PBXTargetDependency */,
			);
			name = gestureTests;
			productName = gestureTests;
			productReference = D79C10121BAD266300CA3095 /* gestureTests.xctest */;
			productType = "com.apple.product-type.bundle.unit-test";
		};
/* End PBXNativeTarget section */

/* Begin PBXProject section */
		D79C0FF21BAD266300CA3095 /* Project object */ = {
			isa = PBXProject;
			attributes = {
				LastSwiftMigration = 0700;
				LastSwiftUpdateCheck = 0700;
				LastUpgradeCheck = 0640;
				ORGANIZATIONNAME = seapig;
				TargetAttributes = {
					D79C0FF91BAD266300CA3095 = {
						CreatedOnToolsVersion = 6.4;
						DevelopmentTeam = GN438JEAF5;
					};
					D79C10111BAD266300CA3095 = {
						CreatedOnToolsVersion = 6.4;
						TestTargetID = D79C0FF91BAD266300CA3095;
					};
				};
			};
			buildConfigurationList = D79C0FF51BAD266300CA3095 /* Build configuration list for PBXProject "gesture" */;
			compatibilityVersion = "Xcode 3.2";
			developmentRegion = English;
			hasScannedForEncodings = 0;
			knownRegions = (
				en,
				Base,
			);
			mainGroup = D79C0FF11BAD266300CA3095;
			productRefGroup = D79C0FFB1BAD266300CA3095 /* Products */;
			projectDirPath = "";
			projectRoot = "";
			targets = (
				D79C0FF91BAD266300CA3095 /* gesture */,
				D79C10111BAD266300CA3095 /* gestureTests */,
			);
		};
/* End PBXProject section */

/* Begin PBXResourcesBuildPhase section */
		D79C0FF81BAD266300CA3095 /* Resources */ = {
			isa = PBXResourcesBuildPhase;
			buildActionMask = 2147483647;
			files = (
				D79C10081BAD266300CA3095 /* Main.storyboard in Resources */,
				D79C100D1BAD266300CA3095 /* LaunchScreen.xib in Resources */,
				D79C100A1BAD266300CA3095 /* Images.xcassets in Resources */,
			);
			runOnlyForDeploymentPostprocessing = 0;
		};
		D79C10101BAD266300CA3095 /* Resources */ = {
			isa = PBXResourcesBuildPhase;
			buildActionMask = 2147483647;
			files = (
			);
			runOnlyForDeploymentPostprocessing = 0;
		};
/* End PBXResourcesBuildPhase section */

/* Begin PBXShellScriptBuildPhase section */
		188A299B6E2E8C2D3A1054E3 /* Check Pods Manifest.lock */ = {
			isa = PBXShellScriptBuildPhase;
			buildActionMask = 2147483647;
			files = (
			);
			inputPaths = (
			);
			name = "Check Pods Manifest.lock";
			outputPaths = (
			);
			runOnlyForDeploymentPostprocessing = 0;
			shellPath = /bin/sh;
			shellScript = "diff \"${PODS_ROOT}/../Podfile.lock\" \"${PODS_ROOT}/Manifest.lock\" > /dev/null\nif [[ $? != 0 ]] ; then\n    cat << EOM\nerror: The sandbox is not in sync with the Podfile.lock. Run 'pod install' or update your CocoaPods installation.\nEOM\n    exit 1\nfi\n";
			showEnvVarsInLog = 0;
		};
		C5635076CA1897B114CA37F3 /* Copy Pods Resources */ = {
			isa = PBXShellScriptBuildPhase;
			buildActionMask = 2147483647;
			files = (
			);
			inputPaths = (
			);
			name = "Copy Pods Resources";
			outputPaths = (
			);
			runOnlyForDeploymentPostprocessing = 0;
			shellPath = /bin/sh;
			shellScript = "\"${SRCROOT}/Pods/Target Support Files/Pods-gesture/Pods-gesture-resources.sh\"\n";
			showEnvVarsInLog = 0;
		};
/* End PBXShellScriptBuildPhase section */

/* Begin PBXSourcesBuildPhase section */
		D79C0FF61BAD266300CA3095 /* Sources */ = {
			isa = PBXSourcesBuildPhase;
			buildActionMask = 2147483647;
			files = (
				D79C10051BAD266300CA3095 /* ViewController.swift in Sources */,
				D79C10001BAD266300CA3095 /* AppDelegate.swift in Sources */,
				D7F0A0FF1BAD45FF0031F927 /* ConnectionAPI.swift in Sources */,
				D79C10031BAD266300CA3095 /* gesture.xcdatamodeld in Sources */,
				D7F0A0FD1BAD44390031F927 /* MainViewController.swift in Sources */,
				D708692B1BAD855A001456FA /* GraphViewController.swift in Sources */,
				D70869291BAD67E4001456FA /* BlePeripheralModule.swift in Sources */,
				D7F0A1011BAD546D0031F927 /* PebbleHelper.swift in Sources */,
			);
			runOnlyForDeploymentPostprocessing = 0;
		};
		D79C100E1BAD266300CA3095 /* Sources */ = {
			isa = PBXSourcesBuildPhase;
			buildActionMask = 2147483647;
			files = (
				D79C10191BAD266300CA3095 /* gestureTests.swift in Sources */,
			);
			runOnlyForDeploymentPostprocessing = 0;
		};
/* End PBXSourcesBuildPhase section */

/* Begin PBXTargetDependency section */
		D79C10141BAD266300CA3095 /* PBXTargetDependency */ = {
			isa = PBXTargetDependency;
			target = D79C0FF91BAD266300CA3095 /* gesture */;
			targetProxy = D79C10131BAD266300CA3095 /* PBXContainerItemProxy */;
		};
/* End PBXTargetDependency section */

/* Begin PBXVariantGroup section */
		D79C10061BAD266300CA3095 /* Main.storyboard */ = {
			isa = PBXVariantGroup;
			children = (
				D79C10071BAD266300CA3095 /* Base */,
			);
			name = Main.storyboard;
			sourceTree = "<group>";
		};
		D79C100B1BAD266300CA3095 /* LaunchScreen.xib */ = {
			isa = PBXVariantGroup;
			children = (
				D79C100C1BAD266300CA3095 /* Base */,
			);
			name = LaunchScreen.xib;
			sourceTree = "<group>";
		};
/* End PBXVariantGroup section */

/* Begin XCBuildConfiguration section */
		D79C101A1BAD266300CA3095 /* Debug */ = {
			isa = XCBuildConfiguration;
			buildSettings = {
				ALWAYS_SEARCH_USER_PATHS = NO;
				CLANG_CXX_LANGUAGE_STANDARD = "gnu++0x";
				CLANG_CXX_LIBRARY = "libc++";
				CLANG_ENABLE_MODULES = YES;
				CLANG_ENABLE_OBJC_ARC = YES;
				CLANG_WARN_BOOL_CONVERSION = YES;
				CLANG_WARN_CONSTANT_CONVERSION = YES;
				CLANG_WARN_DIRECT_OBJC_ISA_USAGE = YES_ERROR;
				CLANG_WARN_EMPTY_BODY = YES;
				CLANG_WARN_ENUM_CONVERSION = YES;
				CLANG_WARN_INT_CONVERSION = YES;
				CLANG_WARN_OBJC_ROOT_CLASS = YES_ERROR;
				CLANG_WARN_UNREACHABLE_CODE = YES;
				CLANG_WARN__DUPLICATE_METHOD_MATCH = YES;
				"CODE_SIGN_IDENTITY[sdk=iphoneos*]" = "iPhone Developer";
				COPY_PHASE_STRIP = NO;
				DEBUG_INFORMATION_FORMAT = "dwarf-with-dsym";
				ENABLE_STRICT_OBJC_MSGSEND = YES;
				GCC_C_LANGUAGE_STANDARD = gnu99;
				GCC_DYNAMIC_NO_PIC = NO;
				GCC_NO_COMMON_BLOCKS = YES;
				GCC_OPTIMIZATION_LEVEL = 0;
				GCC_PREPROCESSOR_DEFINITIONS = (
					"DEBUG=1",
					"$(inherited)",
				);
				GCC_SYMBOLS_PRIVATE_EXTERN = NO;
				GCC_WARN_64_TO_32_BIT_CONVERSION = YES;
				GCC_WARN_ABOUT_RETURN_TYPE = YES_ERROR;
				GCC_WARN_UNDECLARED_SELECTOR = YES;
				GCC_WARN_UNINITIALIZED_AUTOS = YES_AGGRESSIVE;
				GCC_WARN_UNUSED_FUNCTION = YES;
				GCC_WARN_UNUSED_VARIABLE = YES;
				IPHONEOS_DEPLOYMENT_TARGET = 8.0;
				MTL_ENABLE_DEBUG_INFO = YES;
				ONLY_ACTIVE_ARCH = YES;
				SDKROOT = iphoneos;
				SWIFT_OPTIMIZATION_LEVEL = "-Onone";
				TARGETED_DEVICE_FAMILY = "1,2";
			};
			name = Debug;
		};
		D79C101B1BAD266300CA3095 /* Release */ = {
			isa = XCBuildConfiguration;
			buildSettings = {
				ALWAYS_SEARCH_USER_PATHS = NO;
				CLANG_CXX_LANGUAGE_STANDARD = "gnu++0x";
				CLANG_CXX_LIBRARY = "libc++";
				CLANG_ENABLE_MODULES = YES;
				CLANG_ENABLE_OBJC_ARC = YES;
				CLANG_WARN_BOOL_CONVERSION = YES;
				CLANG_WARN_CONSTANT_CONVERSION = YES;
				CLANG_WARN_DIRECT_OBJC_ISA_USAGE = YES_ERROR;
				CLANG_WARN_EMPTY_BODY = YES;
				CLANG_WARN_ENUM_CONVERSION = YES;
				CLANG_WARN_INT_CONVERSION = YES;
				CLANG_WARN_OBJC_ROOT_CLASS = YES_ERROR;
				CLANG_WARN_UNREACHABLE_CODE = YES;
				CLANG_WARN__DUPLICATE_METHOD_MATCH = YES;
				"CODE_SIGN_IDENTITY[sdk=iphoneos*]" = "iPhone Developer";
				COPY_PHASE_STRIP = NO;
				DEBUG_INFORMATION_FORMAT = "dwarf-with-dsym";
				ENABLE_NS_ASSERTIONS = NO;
				ENABLE_STRICT_OBJC_MSGSEND = YES;
				GCC_C_LANGUAGE_STANDARD = gnu99;
				GCC_NO_COMMON_BLOCKS = YES;
				GCC_WARN_64_TO_32_BIT_CONVERSION = YES;
				GCC_WARN_ABOUT_RETURN_TYPE = YES_ERROR;
				GCC_WARN_UNDECLARED_SELECTOR = YES;
				GCC_WARN_UNINITIALIZED_AUTOS = YES_AGGRESSIVE;
				GCC_WARN_UNUSED_FUNCTION = YES;
				GCC_WARN_UNUSED_VARIABLE = YES;
				IPHONEOS_DEPLOYMENT_TARGET = 8.0;
				MTL_ENABLE_DEBUG_INFO = NO;
				SDKROOT = iphoneos;
				TARGETED_DEVICE_FAMILY = "1,2";
				VALIDATE_PRODUCT = YES;
			};
			name = Release;
		};
		D79C101D1BAD266300CA3095 /* Debug */ = {
			isa = XCBuildConfiguration;
			baseConfigurationReference = 792DB18C7900B55343AF9886 /* Pods-gesture.debug.xcconfig */;
			buildSettings = {
				ASSETCATALOG_COMPILER_APPICON_NAME = AppIcon;
				CODE_SIGN_IDENTITY = "iPhone Developer";
				"CODE_SIGN_IDENTITY[sdk=iphoneos*]" = "iPhone Developer";
				FRAMEWORK_SEARCH_PATHS = (
					"$(inherited)",
					"$(PROJECT_DIR)",
				);
				INFOPLIST_FILE = gesture/Info.plist;
				IPHONEOS_DEPLOYMENT_TARGET = 8.0;
				LD_RUNPATH_SEARCH_PATHS = "$(inherited) @executable_path/Frameworks";
				PRODUCT_NAME = "$(TARGET_NAME)";
				PROVISIONING_PROFILE = "";
				SWIFT_OBJC_BRIDGING_HEADER = "gesture/Bridge-Header.h";
			};
			name = Debug;
		};
		D79C101E1BAD266300CA3095 /* Release */ = {
			isa = XCBuildConfiguration;
			baseConfigurationReference = 647BCD0B5FA0C980D46C139B /* Pods-gesture.release.xcconfig */;
			buildSettings = {
				ASSETCATALOG_COMPILER_APPICON_NAME = AppIcon;
				CODE_SIGN_IDENTITY = "iPhone Developer";
				"CODE_SIGN_IDENTITY[sdk=iphoneos*]" = "iPhone Developer";
				FRAMEWORK_SEARCH_PATHS = (
					"$(inherited)",
					"$(PROJECT_DIR)",
				);
				INFOPLIST_FILE = gesture/Info.plist;
				IPHONEOS_DEPLOYMENT_TARGET = 8.0;
				LD_RUNPATH_SEARCH_PATHS = "$(inherited) @executable_path/Frameworks";
				PRODUCT_NAME = "$(TARGET_NAME)";
				PROVISIONING_PROFILE = "";
				SWIFT_OBJC_BRIDGING_HEADER = "gesture/Bridge-Header.h";
			};
			name = Release;
		};
		D79C10201BAD266300CA3095 /* Debug */ = {
			isa = XCBuildConfiguration;
			buildSettings = {
				BUNDLE_LOADER = "$(TEST_HOST)";
				FRAMEWORK_SEARCH_PATHS = (
					"$(SDKROOT)/Developer/Library/Frameworks",
					"$(inherited)",
				);
				GCC_PREPROCESSOR_DEFINITIONS = (
					"DEBUG=1",
					"$(inherited)",
				);
				INFOPLIST_FILE = gestureTests/Info.plist;
				LD_RUNPATH_SEARCH_PATHS = "$(inherited) @executable_path/Frameworks @loader_path/Frameworks";
				PRODUCT_NAME = "$(TARGET_NAME)";
				TEST_HOST = "$(BUILT_PRODUCTS_DIR)/gesture.app/gesture";
			};
			name = Debug;
		};
		D79C10211BAD266300CA3095 /* Release */ = {
			isa = XCBuildConfiguration;
			buildSettings = {
				BUNDLE_LOADER = "$(TEST_HOST)";
				FRAMEWORK_SEARCH_PATHS = (
					"$(SDKROOT)/Developer/Library/Frameworks",
					"$(inherited)",
				);
				INFOPLIST_FILE = gestureTests/Info.plist;
				LD_RUNPATH_SEARCH_PATHS = "$(inherited) @executable_path/Frameworks @loader_path/Frameworks";
				PRODUCT_NAME = "$(TARGET_NAME)";
				TEST_HOST = "$(BUILT_PRODUCTS_DIR)/gesture.app/gesture";
			};
			name = Release;
		};
/* End XCBuildConfiguration section */

/* Begin XCConfigurationList section */
		D79C0FF51BAD266300CA3095 /* Build configuration list for PBXProject "gesture" */ = {
			isa = XCConfigurationList;
			buildConfigurations = (
				D79C101A1BAD266300CA3095 /* Debug */,
				D79C101B1BAD266300CA3095 /* Release */,
			);
			defaultConfigurationIsVisible = 0;
			defaultConfigurationName = Release;
		};
		D79C101C1BAD266300CA3095 /* Build configuration list for PBXNativeTarget "gesture" */ = {
			isa = XCConfigurationList;
			buildConfigurations = (
				D79C101D1BAD266300CA3095 /* Debug */,
				D79C101E1BAD266300CA3095 /* Release */,
			);
			defaultConfigurationIsVisible = 0;
			defaultConfigurationName = Release;
		};
		D79C101F1BAD266300CA3095 /* Build configuration list for PBXNativeTarget "gestureTests" */ = {
			isa = XCConfigurationList;
			buildConfigurations = (
				D79C10201BAD266300CA3095 /* Debug */,
				D79C10211BAD266300CA3095 /* Release */,
			);
			defaultConfigurationIsVisible = 0;
			defaultConfigurationName = Release;
		};
/* End XCConfigurationList section */

/* Begin XCVersionGroup section */
		D79C10011BAD266300CA3095 /* gesture.xcdatamodeld */ = {
			isa = XCVersionGroup;
			children = (
				D79C10021BAD266300CA3095 /* gesture.xcdatamodel */,
			);
			currentVersion = D79C10021BAD266300CA3095 /* gesture.xcdatamodel */;
			path = gesture.xcdatamodeld;
			sourceTree = "<group>";
			versionGroupType = wrapper.xcdatamodel;
		};
/* End XCVersionGroup section */
	};
	rootObject = D79C0FF21BAD266300CA3095 /* Project object */;
}
